{
  "name": "WEBSITE PORTFOLIO WRITTEN IN BASH FILES",
  "lockfileVersion": 3,
  "requires": true,
  "packages": {
    "": {
      "dependencies": {
        "notyf": "^3.10.0"
      }
    },
    "node_modules/notyf": {
      "version": "3.10.0",
      "resolved": "https://registry.npmjs.org/notyf/-/notyf-3.10.0.tgz",
      "integrity": "sha512-Mtnp+0qiZxgrH+TzVlzhWyZceHdAZ/UWK0/ju9U0HQeDpap1mZ8cC7H5wSI5mwgni6yeAjaxsTw0sbMK+aSuHw=="
    }
  }
}
